
Microsoft Visual Studio Solution File, Format Version 12.00
# Visual Studio Version 16
VisualStudioVersion = 16.0.30413.136
MinimumVisualStudioVersion = 10.0.40219.1
Project("{9A19103F-16F7-4668-BE54-9A1E7A4F7556}") = "AppChatSS", "AppChatSS\AppChatSS.csproj", "{AC14F51B-ED19-49DB-BBCA-32B783EA60D7}"
EndProject
Global
	GlobalSection(SolutionConfigurationPlatforms) = preSolution
		Debug|Any CPU = Debug|Any CPU
		Release|Any CPU = Release|Any CPU
	EndGlobalSection
	GlobalSection(ProjectConfigurationPlatforms) = postSolution
		{AC14F51B-ED19-49DB-BBCA-32B783EA60D7}.Debug|Any CPU.ActiveCfg = Debug|Any CPU
		{AC14F51B-ED19-49DB-BBCA-32B783EA60D7}.Debug|Any CPU.Build.0 = Debug|Any CPU
		{AC14F51B-ED19-49DB-BBCA-32B783EA60D7}.Release|Any CPU.ActiveCfg = Release|Any CPU
		{AC14F51B-ED19-49DB-BBCA-32B783EA60D7}.Release|Any CPU.Build.0 = Release|Any CPU
	EndGlobalSection
	GlobalSection(SolutionProperties) = preSolution
		HideSolutionNode = FALSE
	EndGlobalSection
	GlobalSection(ExtensibilityGlobals) = postSolution
		SolutionGuid = {D0136255-E4FB-4A17-8C87-8CEEA1AEF52F}
	EndGlobalSection
EndGlobal
