
Microsoft Visual Studio Solution File, Format Version 12.00
# Visual Studio Version 16
VisualStudioVersion = 16.0.30523.141
MinimumVisualStudioVersion = 10.0.40219.1
Project("{9A19103F-16F7-4668-BE54-9A1E7A4F7556}") = "NewAppChatSS", "NewAppChatSS\NewAppChatSS.csproj", "{D74DE752-ABDB-4F87-A8DE-16B7BCFE36A2}"
	ProjectSection(ProjectDependencies) = postProject
		{DF11A8A1-F666-4C4C-B961-A72C8955939A} = {DF11A8A1-F666-4C4C-B961-A72C8955939A}
	EndProjectSection
EndProject
Project("{FAE04EC0-301F-11D3-BF4B-00C04F79EFBC}") = "Data", "Data\Data.csproj", "{DF11A8A1-F666-4C4C-B961-A72C8955939A}"
EndProject
Project("{9A19103F-16F7-4668-BE54-9A1E7A4F7556}") = "Infrastructure", "Infrastructure\Infrastructure.csproj", "{866EC476-B955-450D-8391-06B757C7849F}"
EndProject
Project("{FAE04EC0-301F-11D3-BF4B-00C04F79EFBC}") = "NewAppChatSS.DAL", "NewAppChatSS.DAL\NewAppChatSS.DAL.csproj", "{C219FEE4-C070-4A46-A21E-6787E5568D7E}"
EndProject
Project("{FAE04EC0-301F-11D3-BF4B-00C04F79EFBC}") = "NewAppChatSS.BLL", "NewAppChatSS.BLL\NewAppChatSS.BLL.csproj", "{34803B06-1DD8-4F7E-8727-6F1FFADEC8CB}"
EndProject
Global
	GlobalSection(SolutionConfigurationPlatforms) = preSolution
		Debug|Any CPU = Debug|Any CPU
		Release|Any CPU = Release|Any CPU
	EndGlobalSection
	GlobalSection(ProjectConfigurationPlatforms) = postSolution
		{D74DE752-ABDB-4F87-A8DE-16B7BCFE36A2}.Debug|Any CPU.ActiveCfg = Debug|Any CPU
		{D74DE752-ABDB-4F87-A8DE-16B7BCFE36A2}.Debug|Any CPU.Build.0 = Debug|Any CPU
		{D74DE752-ABDB-4F87-A8DE-16B7BCFE36A2}.Release|Any CPU.ActiveCfg = Release|Any CPU
		{D74DE752-ABDB-4F87-A8DE-16B7BCFE36A2}.Release|Any CPU.Build.0 = Release|Any CPU
		{DF11A8A1-F666-4C4C-B961-A72C8955939A}.Debug|Any CPU.ActiveCfg = Debug|Any CPU
		{DF11A8A1-F666-4C4C-B961-A72C8955939A}.Debug|Any CPU.Build.0 = Debug|Any CPU
		{DF11A8A1-F666-4C4C-B961-A72C8955939A}.Release|Any CPU.ActiveCfg = Release|Any CPU
		{DF11A8A1-F666-4C4C-B961-A72C8955939A}.Release|Any CPU.Build.0 = Release|Any CPU
		{866EC476-B955-450D-8391-06B757C7849F}.Debug|Any CPU.ActiveCfg = Debug|Any CPU
		{866EC476-B955-450D-8391-06B757C7849F}.Debug|Any CPU.Build.0 = Debug|Any CPU
		{866EC476-B955-450D-8391-06B757C7849F}.Release|Any CPU.ActiveCfg = Release|Any CPU
		{866EC476-B955-450D-8391-06B757C7849F}.Release|Any CPU.Build.0 = Release|Any CPU
		{C219FEE4-C070-4A46-A21E-6787E5568D7E}.Debug|Any CPU.ActiveCfg = Debug|Any CPU
		{C219FEE4-C070-4A46-A21E-6787E5568D7E}.Debug|Any CPU.Build.0 = Debug|Any CPU
		{C219FEE4-C070-4A46-A21E-6787E5568D7E}.Release|Any CPU.ActiveCfg = Release|Any CPU
		{C219FEE4-C070-4A46-A21E-6787E5568D7E}.Release|Any CPU.Build.0 = Release|Any CPU
		{34803B06-1DD8-4F7E-8727-6F1FFADEC8CB}.Debug|Any CPU.ActiveCfg = Debug|Any CPU
		{34803B06-1DD8-4F7E-8727-6F1FFADEC8CB}.Debug|Any CPU.Build.0 = Debug|Any CPU
		{34803B06-1DD8-4F7E-8727-6F1FFADEC8CB}.Release|Any CPU.ActiveCfg = Release|Any CPU
		{34803B06-1DD8-4F7E-8727-6F1FFADEC8CB}.Release|Any CPU.Build.0 = Release|Any CPU
	EndGlobalSection
	GlobalSection(SolutionProperties) = preSolution
		HideSolutionNode = FALSE
	EndGlobalSection
	GlobalSection(ExtensibilityGlobals) = postSolution
		SolutionGuid = {23B79007-AD20-4727-9970-798617A57678}
	EndGlobalSection
EndGlobal
